
Microsoft Visual Studio Solution File, Format Version 12.00
# Visual Studio 15
VisualStudioVersion = 15.0.28307.168
MinimumVisualStudioVersion = 10.0.40219.1
Project("{FAE04EC0-301F-11D3-BF4B-00C04F79EFBC}") = "MemberShipAPI", "MemberShipAPI\MemberShipAPI.csproj", "{74CC08B6-9946-4721-AD16-DA4687F0B7C6}"
EndProject
Global
	GlobalSection(SolutionConfigurationPlatforms) = preSolution
		Debug|Any CPU = Debug|Any CPU
		Release|Any CPU = Release|Any CPU
	EndGlobalSection
	GlobalSection(ProjectConfigurationPlatforms) = postSolution
		{74CC08B6-9946-4721-AD16-DA4687F0B7C6}.Debug|Any CPU.ActiveCfg = Debug|Any CPU
		{74CC08B6-9946-4721-AD16-DA4687F0B7C6}.Debug|Any CPU.Build.0 = Debug|Any CPU
		{74CC08B6-9946-4721-AD16-DA4687F0B7C6}.Release|Any CPU.ActiveCfg = Release|Any CPU
		{74CC08B6-9946-4721-AD16-DA4687F0B7C6}.Release|Any CPU.Build.0 = Release|Any CPU
	EndGlobalSection
	GlobalSection(SolutionProperties) = preSolution
		HideSolutionNode = FALSE
	EndGlobalSection
	GlobalSection(ExtensibilityGlobals) = postSolution
		SolutionGuid = {D847F426-9E0D-4C86-AC12-93D7567F68BB}
	EndGlobalSection
EndGlobal
